# @generated by Move, please check-in and do not edit manually.

[move]
version = 2
manifest_digest = "3434FBFF6180F1809CF77A22B550427E6EE1E8EE1FD29E07A0489FFA82782AA9"
deps_digest = "3C4103934B1E040BB6B23F1D610B4EF9F2F1166A50A104EADCF77467C004C600"
dependencies = [
  { name = "Iota" },
  { name = "LiquidlinkProtocol" },
]

[[move.package]]
name = "Iota"
source = { git = "https://github.com/iotaledger/iota.git", rev = "testnet", subdir = "crates/iota-framework/packages/iota-framework" }

dependencies = [
  { name = "MoveStdlib" },
]

[[move.package]]
name = "LiquidlinkProtocol"
source = { git = "https://github.com/Liquidlink-Lab/liquidlink_interface.git", rev = "main", subdir = "./" }

dependencies = [
  { name = "Iota" },
]

[[move.package]]
name = "MoveStdlib"
source = { git = "https://github.com/iotaledger/iota.git", rev = "testnet", subdir = "crates/iota-framework/packages/move-stdlib" }

[move.toolchain-version]
compiler-version = "0.9.2-rc"
edition = "2024.beta"
flavor = "iota"

[env]

[env.testnet]
chain-id = "2304aa97"
original-published-id = "0xe87fadb56ac565aa46d60c1f5fa30b22eb10b6ea0763da70d9eb75adb75fd0b3"
latest-published-id = "0xe87fadb56ac565aa46d60c1f5fa30b22eb10b6ea0763da70d9eb75adb75fd0b3"
published-version = "1"
